
Microsoft Visual Studio Solution File, Format Version 12.00
# Visual Studio 14
VisualStudioVersion = 14.0.25123.0
MinimumVisualStudioVersion = 10.0.40219.1
Project("{8BC9CEB8-8B4A-11D0-8D11-00A0C91BC942}") = "linearmodel", "logreg\logreg.vcxproj", "{54EC786A-1336-4A3B-9F2C-8F8BE041CD72}"
	ProjectSection(ProjectDependencies) = postProject
		{9B4C1E1C-C8A4-4E29-835D-2A0A217E075B} = {9B4C1E1C-C8A4-4E29-835D-2A0A217E075B}
		{90449927-9A43-4DA5-B912-2D8BCC38B35A} = {90449927-9A43-4DA5-B912-2D8BCC38B35A}
		{8598825E-10D0-4C7A-93EA-729D45A8A540} = {8598825E-10D0-4C7A-93EA-729D45A8A540}
		{34BDFEE5-D56C-48A9-9F61-DFD41B269640} = {34BDFEE5-D56C-48A9-9F61-DFD41B269640}
	EndProjectSection
EndProject
Project("{8BC9CEB8-8B4A-11D0-8D11-00A0C91BC942}") = "optlib", "optlib\optlib.vcxproj", "{9B4C1E1C-C8A4-4E29-835D-2A0A217E075B}"
EndProject
Project("{8BC9CEB8-8B4A-11D0-8D11-00A0C91BC942}") = "utils", "utils\utils.vcxproj", "{34BDFEE5-D56C-48A9-9F61-DFD41B269640}"
EndProject
Project("{8BC9CEB8-8B4A-11D0-8D11-00A0C91BC942}") = "dataoplib", "dataoplib\dataoplib.vcxproj", "{8598825E-10D0-4C7A-93EA-729D45A8A540}"
EndProject
Project("{8BC9CEB8-8B4A-11D0-8D11-00A0C91BC942}") = "model", "model\model.vcxproj", "{90449927-9A43-4DA5-B912-2D8BCC38B35A}"
EndProject
Project("{8BC9CEB8-8B4A-11D0-8D11-00A0C91BC942}") = "datacache", "datacache\datacache.vcxproj", "{F2E5E4C2-6DB2-48D4-806E-20D1F4BD12BC}"
	ProjectSection(ProjectDependencies) = postProject
		{8598825E-10D0-4C7A-93EA-729D45A8A540} = {8598825E-10D0-4C7A-93EA-729D45A8A540}
		{34BDFEE5-D56C-48A9-9F61-DFD41B269640} = {34BDFEE5-D56C-48A9-9F61-DFD41B269640}
	EndProjectSection
EndProject
Global
	GlobalSection(SolutionConfigurationPlatforms) = preSolution
		Debug|Mixed Platforms = Debug|Mixed Platforms
		Debug|Win32 = Debug|Win32
		Debug|x64 = Debug|x64
		Release|Mixed Platforms = Release|Mixed Platforms
		Release|Win32 = Release|Win32
		Release|x64 = Release|x64
	EndGlobalSection
	GlobalSection(ProjectConfigurationPlatforms) = postSolution
		{54EC786A-1336-4A3B-9F2C-8F8BE041CD72}.Debug|Mixed Platforms.ActiveCfg = Debug|Win32
		{54EC786A-1336-4A3B-9F2C-8F8BE041CD72}.Debug|Mixed Platforms.Build.0 = Debug|Win32
		{54EC786A-1336-4A3B-9F2C-8F8BE041CD72}.Debug|Win32.ActiveCfg = Debug|Win32
		{54EC786A-1336-4A3B-9F2C-8F8BE041CD72}.Debug|Win32.Build.0 = Debug|Win32
		{54EC786A-1336-4A3B-9F2C-8F8BE041CD72}.Debug|x64.ActiveCfg = Debug|x64
		{54EC786A-1336-4A3B-9F2C-8F8BE041CD72}.Debug|x64.Build.0 = Debug|x64
		{54EC786A-1336-4A3B-9F2C-8F8BE041CD72}.Release|Mixed Platforms.ActiveCfg = Release|Win32
		{54EC786A-1336-4A3B-9F2C-8F8BE041CD72}.Release|Mixed Platforms.Build.0 = Release|Win32
		{54EC786A-1336-4A3B-9F2C-8F8BE041CD72}.Release|Win32.ActiveCfg = Release|Win32
		{54EC786A-1336-4A3B-9F2C-8F8BE041CD72}.Release|Win32.Build.0 = Release|Win32
		{54EC786A-1336-4A3B-9F2C-8F8BE041CD72}.Release|x64.ActiveCfg = Release|x64
		{54EC786A-1336-4A3B-9F2C-8F8BE041CD72}.Release|x64.Build.0 = Release|x64
		{9B4C1E1C-C8A4-4E29-835D-2A0A217E075B}.Debug|Mixed Platforms.ActiveCfg = Debug|Win32
		{9B4C1E1C-C8A4-4E29-835D-2A0A217E075B}.Debug|Mixed Platforms.Build.0 = Debug|Win32
		{9B4C1E1C-C8A4-4E29-835D-2A0A217E075B}.Debug|Win32.ActiveCfg = Debug|Win32
		{9B4C1E1C-C8A4-4E29-835D-2A0A217E075B}.Debug|Win32.Build.0 = Debug|Win32
		{9B4C1E1C-C8A4-4E29-835D-2A0A217E075B}.Debug|x64.ActiveCfg = Debug|x64
		{9B4C1E1C-C8A4-4E29-835D-2A0A217E075B}.Debug|x64.Build.0 = Debug|x64
		{9B4C1E1C-C8A4-4E29-835D-2A0A217E075B}.Release|Mixed Platforms.ActiveCfg = Release|Win32
		{9B4C1E1C-C8A4-4E29-835D-2A0A217E075B}.Release|Mixed Platforms.Build.0 = Release|Win32
		{9B4C1E1C-C8A4-4E29-835D-2A0A217E075B}.Release|Win32.ActiveCfg = Release|Win32
		{9B4C1E1C-C8A4-4E29-835D-2A0A217E075B}.Release|Win32.Build.0 = Release|Win32
		{9B4C1E1C-C8A4-4E29-835D-2A0A217E075B}.Release|x64.ActiveCfg = Release|x64
		{9B4C1E1C-C8A4-4E29-835D-2A0A217E075B}.Release|x64.Build.0 = Release|x64
		{34BDFEE5-D56C-48A9-9F61-DFD41B269640}.Debug|Mixed Platforms.ActiveCfg = Debug|Win32
		{34BDFEE5-D56C-48A9-9F61-DFD41B269640}.Debug|Mixed Platforms.Build.0 = Debug|Win32
		{34BDFEE5-D56C-48A9-9F61-DFD41B269640}.Debug|Win32.ActiveCfg = Debug|Win32
		{34BDFEE5-D56C-48A9-9F61-DFD41B269640}.Debug|Win32.Build.0 = Debug|Win32
		{34BDFEE5-D56C-48A9-9F61-DFD41B269640}.Debug|x64.ActiveCfg = Debug|x64
		{34BDFEE5-D56C-48A9-9F61-DFD41B269640}.Debug|x64.Build.0 = Debug|x64
		{34BDFEE5-D56C-48A9-9F61-DFD41B269640}.Release|Mixed Platforms.ActiveCfg = Release|Win32
		{34BDFEE5-D56C-48A9-9F61-DFD41B269640}.Release|Mixed Platforms.Build.0 = Release|Win32
		{34BDFEE5-D56C-48A9-9F61-DFD41B269640}.Release|Win32.ActiveCfg = Release|Win32
		{34BDFEE5-D56C-48A9-9F61-DFD41B269640}.Release|Win32.Build.0 = Release|Win32
		{34BDFEE5-D56C-48A9-9F61-DFD41B269640}.Release|x64.ActiveCfg = Release|x64
		{34BDFEE5-D56C-48A9-9F61-DFD41B269640}.Release|x64.Build.0 = Release|x64
		{8598825E-10D0-4C7A-93EA-729D45A8A540}.Debug|Mixed Platforms.ActiveCfg = Debug|Win32
		{8598825E-10D0-4C7A-93EA-729D45A8A540}.Debug|Mixed Platforms.Build.0 = Debug|Win32
		{8598825E-10D0-4C7A-93EA-729D45A8A540}.Debug|Win32.ActiveCfg = Debug|Win32
		{8598825E-10D0-4C7A-93EA-729D45A8A540}.Debug|Win32.Build.0 = Debug|Win32
		{8598825E-10D0-4C7A-93EA-729D45A8A540}.Debug|x64.ActiveCfg = Debug|x64
		{8598825E-10D0-4C7A-93EA-729D45A8A540}.Debug|x64.Build.0 = Debug|x64
		{8598825E-10D0-4C7A-93EA-729D45A8A540}.Release|Mixed Platforms.ActiveCfg = Release|Win32
		{8598825E-10D0-4C7A-93EA-729D45A8A540}.Release|Mixed Platforms.Build.0 = Release|Win32
		{8598825E-10D0-4C7A-93EA-729D45A8A540}.Release|Win32.ActiveCfg = Release|Win32
		{8598825E-10D0-4C7A-93EA-729D45A8A540}.Release|Win32.Build.0 = Release|Win32
		{8598825E-10D0-4C7A-93EA-729D45A8A540}.Release|x64.ActiveCfg = Release|x64
		{8598825E-10D0-4C7A-93EA-729D45A8A540}.Release|x64.Build.0 = Release|x64
		{90449927-9A43-4DA5-B912-2D8BCC38B35A}.Debug|Mixed Platforms.ActiveCfg = Debug|Win32
		{90449927-9A43-4DA5-B912-2D8BCC38B35A}.Debug|Mixed Platforms.Build.0 = Debug|Win32
		{90449927-9A43-4DA5-B912-2D8BCC38B35A}.Debug|Win32.ActiveCfg = Debug|Win32
		{90449927-9A43-4DA5-B912-2D8BCC38B35A}.Debug|Win32.Build.0 = Debug|Win32
		{90449927-9A43-4DA5-B912-2D8BCC38B35A}.Debug|x64.ActiveCfg = Debug|x64
		{90449927-9A43-4DA5-B912-2D8BCC38B35A}.Debug|x64.Build.0 = Debug|x64
		{90449927-9A43-4DA5-B912-2D8BCC38B35A}.Release|Mixed Platforms.ActiveCfg = Release|Win32
		{90449927-9A43-4DA5-B912-2D8BCC38B35A}.Release|Mixed Platforms.Build.0 = Release|Win32
		{90449927-9A43-4DA5-B912-2D8BCC38B35A}.Release|Win32.ActiveCfg = Release|Win32
		{90449927-9A43-4DA5-B912-2D8BCC38B35A}.Release|Win32.Build.0 = Release|Win32
		{90449927-9A43-4DA5-B912-2D8BCC38B35A}.Release|x64.ActiveCfg = Release|x64
		{90449927-9A43-4DA5-B912-2D8BCC38B35A}.Release|x64.Build.0 = Release|x64
		{F2E5E4C2-6DB2-48D4-806E-20D1F4BD12BC}.Debug|Mixed Platforms.ActiveCfg = Debug|Win32
		{F2E5E4C2-6DB2-48D4-806E-20D1F4BD12BC}.Debug|Mixed Platforms.Build.0 = Debug|Win32
		{F2E5E4C2-6DB2-48D4-806E-20D1F4BD12BC}.Debug|Win32.ActiveCfg = Debug|Win32
		{F2E5E4C2-6DB2-48D4-806E-20D1F4BD12BC}.Debug|Win32.Build.0 = Debug|Win32
		{F2E5E4C2-6DB2-48D4-806E-20D1F4BD12BC}.Debug|x64.ActiveCfg = Debug|x64
		{F2E5E4C2-6DB2-48D4-806E-20D1F4BD12BC}.Debug|x64.Build.0 = Debug|x64
		{F2E5E4C2-6DB2-48D4-806E-20D1F4BD12BC}.Release|Mixed Platforms.ActiveCfg = Release|Win32
		{F2E5E4C2-6DB2-48D4-806E-20D1F4BD12BC}.Release|Mixed Platforms.Build.0 = Release|Win32
		{F2E5E4C2-6DB2-48D4-806E-20D1F4BD12BC}.Release|Win32.ActiveCfg = Release|Win32
		{F2E5E4C2-6DB2-48D4-806E-20D1F4BD12BC}.Release|Win32.Build.0 = Release|Win32
		{F2E5E4C2-6DB2-48D4-806E-20D1F4BD12BC}.Release|x64.ActiveCfg = Release|x64
		{F2E5E4C2-6DB2-48D4-806E-20D1F4BD12BC}.Release|x64.Build.0 = Release|x64
	EndGlobalSection
	GlobalSection(SolutionProperties) = preSolution
		HideSolutionNode = FALSE
	EndGlobalSection
EndGlobal
