
Microsoft Visual Studio Solution File, Format Version 12.00
# Visual Studio 2013
VisualStudioVersion = 12.0.21005.1
MinimumVisualStudioVersion = 10.0.40219.1
Project("{8BC9CEB8-8B4A-11D0-8D11-00A0C91BC942}") = "logreg", "logreg\logreg.vcxproj", "{54EC786A-1336-4A3B-9F2C-8F8BE041CD72}"
	ProjectSection(ProjectDependencies) = postProject
		{9B4C1E1C-C8A4-4E29-835D-2A0A217E075B} = {9B4C1E1C-C8A4-4E29-835D-2A0A217E075B}
		{90449927-9A43-4DA5-B912-2D8BCC38B35A} = {90449927-9A43-4DA5-B912-2D8BCC38B35A}
		{8598825E-10D0-4C7A-93EA-729D45A8A540} = {8598825E-10D0-4C7A-93EA-729D45A8A540}
		{B85C4FD5-070B-4E7C-8C97-A682209C4094} = {B85C4FD5-070B-4E7C-8C97-A682209C4094}
		{34BDFEE5-D56C-48A9-9F61-DFD41B269640} = {34BDFEE5-D56C-48A9-9F61-DFD41B269640}
	EndProjectSection
EndProject
Project("{8BC9CEB8-8B4A-11D0-8D11-00A0C91BC942}") = "losslib", "lib\lib.vcxproj", "{B85C4FD5-070B-4E7C-8C97-A682209C4094}"
EndProject
Project("{8BC9CEB8-8B4A-11D0-8D11-00A0C91BC942}") = "optlib", "optlib\optlib.vcxproj", "{9B4C1E1C-C8A4-4E29-835D-2A0A217E075B}"
EndProject
Project("{8BC9CEB8-8B4A-11D0-8D11-00A0C91BC942}") = "utils", "utils\utils.vcxproj", "{34BDFEE5-D56C-48A9-9F61-DFD41B269640}"
EndProject
Project("{8BC9CEB8-8B4A-11D0-8D11-00A0C91BC942}") = "dataoplib", "dataoplib\dataoplib.vcxproj", "{8598825E-10D0-4C7A-93EA-729D45A8A540}"
EndProject
Project("{8BC9CEB8-8B4A-11D0-8D11-00A0C91BC942}") = "model", "model\model.vcxproj", "{90449927-9A43-4DA5-B912-2D8BCC38B35A}"
EndProject
Global
	GlobalSection(SolutionConfigurationPlatforms) = preSolution
		Debug|Win32 = Debug|Win32
		Debug|x64 = Debug|x64
		Release|Win32 = Release|Win32
		Release|x64 = Release|x64
	EndGlobalSection
	GlobalSection(ProjectConfigurationPlatforms) = postSolution
		{54EC786A-1336-4A3B-9F2C-8F8BE041CD72}.Debug|Win32.ActiveCfg = Debug|x64
		{54EC786A-1336-4A3B-9F2C-8F8BE041CD72}.Debug|Win32.Build.0 = Debug|x64
		{54EC786A-1336-4A3B-9F2C-8F8BE041CD72}.Debug|x64.ActiveCfg = Debug|x64
		{54EC786A-1336-4A3B-9F2C-8F8BE041CD72}.Debug|x64.Build.0 = Debug|x64
		{54EC786A-1336-4A3B-9F2C-8F8BE041CD72}.Release|Win32.ActiveCfg = Release|Win32
		{54EC786A-1336-4A3B-9F2C-8F8BE041CD72}.Release|Win32.Build.0 = Release|Win32
		{54EC786A-1336-4A3B-9F2C-8F8BE041CD72}.Release|x64.ActiveCfg = Release|x64
		{54EC786A-1336-4A3B-9F2C-8F8BE041CD72}.Release|x64.Build.0 = Release|x64
		{B85C4FD5-070B-4E7C-8C97-A682209C4094}.Debug|Win32.ActiveCfg = Debug|Win32
		{B85C4FD5-070B-4E7C-8C97-A682209C4094}.Debug|Win32.Build.0 = Debug|Win32
		{B85C4FD5-070B-4E7C-8C97-A682209C4094}.Debug|x64.ActiveCfg = Debug|x64
		{B85C4FD5-070B-4E7C-8C97-A682209C4094}.Debug|x64.Build.0 = Debug|x64
		{B85C4FD5-070B-4E7C-8C97-A682209C4094}.Release|Win32.ActiveCfg = Release|Win32
		{B85C4FD5-070B-4E7C-8C97-A682209C4094}.Release|Win32.Build.0 = Release|Win32
		{B85C4FD5-070B-4E7C-8C97-A682209C4094}.Release|x64.ActiveCfg = Release|x64
		{B85C4FD5-070B-4E7C-8C97-A682209C4094}.Release|x64.Build.0 = Release|x64
		{9B4C1E1C-C8A4-4E29-835D-2A0A217E075B}.Debug|Win32.ActiveCfg = Debug|Win32
		{9B4C1E1C-C8A4-4E29-835D-2A0A217E075B}.Debug|Win32.Build.0 = Debug|Win32
		{9B4C1E1C-C8A4-4E29-835D-2A0A217E075B}.Debug|x64.ActiveCfg = Debug|x64
		{9B4C1E1C-C8A4-4E29-835D-2A0A217E075B}.Debug|x64.Build.0 = Debug|x64
		{9B4C1E1C-C8A4-4E29-835D-2A0A217E075B}.Release|Win32.ActiveCfg = Release|Win32
		{9B4C1E1C-C8A4-4E29-835D-2A0A217E075B}.Release|Win32.Build.0 = Release|Win32
		{9B4C1E1C-C8A4-4E29-835D-2A0A217E075B}.Release|x64.ActiveCfg = Release|x64
		{9B4C1E1C-C8A4-4E29-835D-2A0A217E075B}.Release|x64.Build.0 = Release|x64
		{34BDFEE5-D56C-48A9-9F61-DFD41B269640}.Debug|Win32.ActiveCfg = Debug|Win32
		{34BDFEE5-D56C-48A9-9F61-DFD41B269640}.Debug|Win32.Build.0 = Debug|Win32
		{34BDFEE5-D56C-48A9-9F61-DFD41B269640}.Debug|x64.ActiveCfg = Debug|x64
		{34BDFEE5-D56C-48A9-9F61-DFD41B269640}.Debug|x64.Build.0 = Debug|x64
		{34BDFEE5-D56C-48A9-9F61-DFD41B269640}.Release|Win32.ActiveCfg = Release|Win32
		{34BDFEE5-D56C-48A9-9F61-DFD41B269640}.Release|Win32.Build.0 = Release|Win32
		{34BDFEE5-D56C-48A9-9F61-DFD41B269640}.Release|x64.ActiveCfg = Release|x64
		{34BDFEE5-D56C-48A9-9F61-DFD41B269640}.Release|x64.Build.0 = Release|x64
		{8598825E-10D0-4C7A-93EA-729D45A8A540}.Debug|Win32.ActiveCfg = Debug|Win32
		{8598825E-10D0-4C7A-93EA-729D45A8A540}.Debug|Win32.Build.0 = Debug|Win32
		{8598825E-10D0-4C7A-93EA-729D45A8A540}.Debug|x64.ActiveCfg = Debug|x64
		{8598825E-10D0-4C7A-93EA-729D45A8A540}.Debug|x64.Build.0 = Debug|x64
		{8598825E-10D0-4C7A-93EA-729D45A8A540}.Release|Win32.ActiveCfg = Release|Win32
		{8598825E-10D0-4C7A-93EA-729D45A8A540}.Release|Win32.Build.0 = Release|Win32
		{8598825E-10D0-4C7A-93EA-729D45A8A540}.Release|x64.ActiveCfg = Release|x64
		{8598825E-10D0-4C7A-93EA-729D45A8A540}.Release|x64.Build.0 = Release|x64
		{90449927-9A43-4DA5-B912-2D8BCC38B35A}.Debug|Win32.ActiveCfg = Debug|Win32
		{90449927-9A43-4DA5-B912-2D8BCC38B35A}.Debug|Win32.Build.0 = Debug|Win32
		{90449927-9A43-4DA5-B912-2D8BCC38B35A}.Debug|x64.ActiveCfg = Debug|x64
		{90449927-9A43-4DA5-B912-2D8BCC38B35A}.Debug|x64.Build.0 = Debug|x64
		{90449927-9A43-4DA5-B912-2D8BCC38B35A}.Release|Win32.ActiveCfg = Release|Win32
		{90449927-9A43-4DA5-B912-2D8BCC38B35A}.Release|Win32.Build.0 = Release|Win32
		{90449927-9A43-4DA5-B912-2D8BCC38B35A}.Release|x64.ActiveCfg = Release|x64
		{90449927-9A43-4DA5-B912-2D8BCC38B35A}.Release|x64.Build.0 = Release|x64
	EndGlobalSection
	GlobalSection(SolutionProperties) = preSolution
		HideSolutionNode = FALSE
	EndGlobalSection
EndGlobal
